
Microsoft Visual Studio Solution File, Format Version 12.00
# Visual Studio Version 17
VisualStudioVersion = 17.0.31919.166
MinimumVisualStudioVersion = 10.0.40219.1
Project("{FAE04EC0-301F-11D3-BF4B-00C04F79EFBC}") = "boasvindas", "boasvindas\boasvindas.csproj", "{9A7A5D0F-781D-4673-B4EA-0D3D596BD7C9}"
EndProject
Global
	GlobalSection(SolutionConfigurationPlatforms) = preSolution
		Debug|Any CPU = Debug|Any CPU
		Release|Any CPU = Release|Any CPU
	EndGlobalSection
	GlobalSection(ProjectConfigurationPlatforms) = postSolution
		{9A7A5D0F-781D-4673-B4EA-0D3D596BD7C9}.Debug|Any CPU.ActiveCfg = Debug|Any CPU
		{9A7A5D0F-781D-4673-B4EA-0D3D596BD7C9}.Debug|Any CPU.Build.0 = Debug|Any CPU
		{9A7A5D0F-781D-4673-B4EA-0D3D596BD7C9}.Release|Any CPU.ActiveCfg = Release|Any CPU
		{9A7A5D0F-781D-4673-B4EA-0D3D596BD7C9}.Release|Any CPU.Build.0 = Release|Any CPU
	EndGlobalSection
	GlobalSection(SolutionProperties) = preSolution
		HideSolutionNode = FALSE
	EndGlobalSection
	GlobalSection(ExtensibilityGlobals) = postSolution
		SolutionGuid = {976B67E2-35BC-49A4-B7C9-344E1D6691B3}
	EndGlobalSection
EndGlobal
